PODS:
  - AFNetworking (3.1.0):
    - AFNetworking/NSURLSession (= 3.1.0)
    - AFNetworking/Reachability (= 3.1.0)
    - AFNetworking/Security (= 3.1.0)
    - AFNetworking/Serialization (= 3.1.0)
    - AFNetworking/UIKit (= 3.1.0)
  - AFNetworking/NSURLSession (3.1.0):
    - AFNetworking/Reachability
    - AFNetworking/Security
    - AFNetworking/Serialization
  - AFNetworking/Reachability (3.1.0)
  - AFNetworking/Security (3.1.0)
  - AFNetworking/Serialization (3.1.0)
  - AFNetworking/UIKit (3.1.0):
    - AFNetworking/NSURLSession
  - jastor (0.2.1)
  - MBProgressHUD (0.9.2)
  - SDWebImage (4.0.0):
    - SDWebImage/Core (= 4.0.0)
  - SDWebImage/Core (4.0.0)
  - WebViewJavascriptBridge (5.2.0)

DEPENDENCIES:
  - AFNetworking (~> 3.1.0)
  - jastor (~> 0.2.1)
  - MBProgressHUD (~> 0.9.1)
  - SDWebImage
  - WebViewJavascriptBridge (~> 5.0)

SPEC CHECKSUMS:
  AFNetworking: 5e0e199f73d8626b11e79750991f5d173d1f8b67
  jastor: fe9ff71f4b683698253d6a0d9a2561987fd9aff3
  MBProgressHUD: 1569cf7ace17a8bac47aabfbb8580a49690386d1
  SDWebImage: 76a6348bdc74eb5a55dd08a091ef298e56b55e41
  WebViewJavascriptBridge: a00b2d61252aec5207e3263d46fd0fd3cfaf7895

PODFILE CHECKSUM: 68443ee82e827ff5692e6ec0d14de8855bea3351

COCOAPODS: 1.2.0
